
Microsoft Visual Studio Solution File, Format Version 12.00
# Visual Studio 15
VisualStudioVersion = 15.0.27703.2000
MinimumVisualStudioVersion = 10.0.40219.1
Project("{2150E333-8FDC-42A3-9474-1A3956D46DE8}") = "Application", "Application", "{1A3416F7-DD80-47E1-8488-B895B687177F}"
EndProject
Project("{2150E333-8FDC-42A3-9474-1A3956D46DE8}") = "Infrastructure", "Infrastructure", "{2EFF3E12-D4C6-4634-8CEF-8D13E7638186}"
EndProject
Project("{2150E333-8FDC-42A3-9474-1A3956D46DE8}") = "Domain", "Domain", "{E2D7FBDF-155D-407D-9D16-14BAC78C757E}"
EndProject
Project("{2150E333-8FDC-42A3-9474-1A3956D46DE8}") = "Api", "Api", "{C07B9F8C-C1CA-4706-9A52-C89648E339DB}"
EndProject
Project("{2150E333-8FDC-42A3-9474-1A3956D46DE8}") = "Persistence", "Persistence", "{2211A0DF-BF0C-49A0-BC05-5752660B5FEE}"
EndProject
Project("{2150E333-8FDC-42A3-9474-1A3956D46DE8}") = "CrossCutting", "CrossCutting", "{21B68460-B30D-4EB1-8907-59C0D2248DE9}"
EndProject
Project("{9A19103F-16F7-4668-BE54-9A1E7A4F7556}") = "AC.Domain", "AC.Domain\AC.Domain.csproj", "{74449D7A-E46C-43EF-B985-A1B8FF82F5F4}"
EndProject
Project("{9A19103F-16F7-4668-BE54-9A1E7A4F7556}") = "AC.Persistence", "AC.Persistence\AC.Persistence.csproj", "{CC39293B-2A9D-416C-A6E5-B12BB9CB63CE}"
EndProject
Project("{9A19103F-16F7-4668-BE54-9A1E7A4F7556}") = "AC.Infrastruture", "AC.Infrastruture\AC.Infrastruture.csproj", "{A5F395D8-2581-4E61-A9C4-2452CF142308}"
EndProject
Project("{9A19103F-16F7-4668-BE54-9A1E7A4F7556}") = "AC.StatusApp", "AC.Application.Status\AC.StatusApp.csproj", "{24845BE4-B61B-4ADF-BE44-218852142C70}"
EndProject
Project("{9A19103F-16F7-4668-BE54-9A1E7A4F7556}") = "AC.Api", "AC.Api\AC.Api.csproj", "{5BAE78A2-EB55-4E95-BF7E-354705C516E5}"
EndProject
Project("{9A19103F-16F7-4668-BE54-9A1E7A4F7556}") = "AC.SecurityContribution", "AC.SecurityContribution\AC.SecurityContribution.csproj", "{5278B77A-111A-4B48-8FDE-B8E79DE46556}"
EndProject
Project("{9A19103F-16F7-4668-BE54-9A1E7A4F7556}") = "AC.AccountsApp", "AC.AccountsApp\AC.AccountsApp.csproj", "{A7FA1DEE-222B-401D-9F73-A9554E7C9898}"
EndProject
Project("{9A19103F-16F7-4668-BE54-9A1E7A4F7556}") = "AC.TransactionTypeApp", "AC.TransactionTypeApp\AC.TransactionTypeApp.csproj", "{1AB63CC8-81A4-46ED-9513-75C5262EAAD8}"
EndProject
Project("{9A19103F-16F7-4668-BE54-9A1E7A4F7556}") = "AC.TransactionApp", "AC.TransactionApp\AC.TransactionApp.csproj", "{47208EF9-1578-4613-AD50-27FA1B9C5B37}"
EndProject
Project("{9A19103F-16F7-4668-BE54-9A1E7A4F7556}") = "AC.Enum", "AC.Enum\AC.Enum.csproj", "{6F4EFFEB-E7F7-4AC2-A8E2-E32E787BCF46}"
EndProject
Project("{9A19103F-16F7-4668-BE54-9A1E7A4F7556}") = "AC.Messages", "AC.Messages\AC.Messages.csproj", "{9EB38943-BC3D-459E-8E82-8453FFDBA38F}"
EndProject
Project("{FAE04EC0-301F-11D3-BF4B-00C04F79EFBC}") = "AC.PersonApp", "AC.PersonApp\AC.PersonApp.csproj", "{674228E8-D00F-4B60-9FE7-B54DB6AFB46B}"
EndProject
Global
	GlobalSection(SolutionConfigurationPlatforms) = preSolution
		Debug|Any CPU = Debug|Any CPU
		Release|Any CPU = Release|Any CPU
	EndGlobalSection
	GlobalSection(ProjectConfigurationPlatforms) = postSolution
		{74449D7A-E46C-43EF-B985-A1B8FF82F5F4}.Debug|Any CPU.ActiveCfg = Debug|Any CPU
		{74449D7A-E46C-43EF-B985-A1B8FF82F5F4}.Debug|Any CPU.Build.0 = Debug|Any CPU
		{74449D7A-E46C-43EF-B985-A1B8FF82F5F4}.Release|Any CPU.ActiveCfg = Release|Any CPU
		{74449D7A-E46C-43EF-B985-A1B8FF82F5F4}.Release|Any CPU.Build.0 = Release|Any CPU
		{CC39293B-2A9D-416C-A6E5-B12BB9CB63CE}.Debug|Any CPU.ActiveCfg = Debug|Any CPU
		{CC39293B-2A9D-416C-A6E5-B12BB9CB63CE}.Debug|Any CPU.Build.0 = Debug|Any CPU
		{CC39293B-2A9D-416C-A6E5-B12BB9CB63CE}.Release|Any CPU.ActiveCfg = Release|Any CPU
		{CC39293B-2A9D-416C-A6E5-B12BB9CB63CE}.Release|Any CPU.Build.0 = Release|Any CPU
		{A5F395D8-2581-4E61-A9C4-2452CF142308}.Debug|Any CPU.ActiveCfg = Debug|Any CPU
		{A5F395D8-2581-4E61-A9C4-2452CF142308}.Debug|Any CPU.Build.0 = Debug|Any CPU
		{A5F395D8-2581-4E61-A9C4-2452CF142308}.Release|Any CPU.ActiveCfg = Release|Any CPU
		{A5F395D8-2581-4E61-A9C4-2452CF142308}.Release|Any CPU.Build.0 = Release|Any CPU
		{24845BE4-B61B-4ADF-BE44-218852142C70}.Debug|Any CPU.ActiveCfg = Debug|Any CPU
		{24845BE4-B61B-4ADF-BE44-218852142C70}.Debug|Any CPU.Build.0 = Debug|Any CPU
		{24845BE4-B61B-4ADF-BE44-218852142C70}.Release|Any CPU.ActiveCfg = Release|Any CPU
		{24845BE4-B61B-4ADF-BE44-218852142C70}.Release|Any CPU.Build.0 = Release|Any CPU
		{5BAE78A2-EB55-4E95-BF7E-354705C516E5}.Debug|Any CPU.ActiveCfg = Debug|Any CPU
		{5BAE78A2-EB55-4E95-BF7E-354705C516E5}.Debug|Any CPU.Build.0 = Debug|Any CPU
		{5BAE78A2-EB55-4E95-BF7E-354705C516E5}.Release|Any CPU.ActiveCfg = Release|Any CPU
		{5BAE78A2-EB55-4E95-BF7E-354705C516E5}.Release|Any CPU.Build.0 = Release|Any CPU
		{5278B77A-111A-4B48-8FDE-B8E79DE46556}.Debug|Any CPU.ActiveCfg = Debug|Any CPU
		{5278B77A-111A-4B48-8FDE-B8E79DE46556}.Debug|Any CPU.Build.0 = Debug|Any CPU
		{5278B77A-111A-4B48-8FDE-B8E79DE46556}.Release|Any CPU.ActiveCfg = Release|Any CPU
		{5278B77A-111A-4B48-8FDE-B8E79DE46556}.Release|Any CPU.Build.0 = Release|Any CPU
		{A7FA1DEE-222B-401D-9F73-A9554E7C9898}.Debug|Any CPU.ActiveCfg = Debug|Any CPU
		{A7FA1DEE-222B-401D-9F73-A9554E7C9898}.Debug|Any CPU.Build.0 = Debug|Any CPU
		{A7FA1DEE-222B-401D-9F73-A9554E7C9898}.Release|Any CPU.ActiveCfg = Release|Any CPU
		{A7FA1DEE-222B-401D-9F73-A9554E7C9898}.Release|Any CPU.Build.0 = Release|Any CPU
		{1AB63CC8-81A4-46ED-9513-75C5262EAAD8}.Debug|Any CPU.ActiveCfg = Debug|Any CPU
		{1AB63CC8-81A4-46ED-9513-75C5262EAAD8}.Debug|Any CPU.Build.0 = Debug|Any CPU
		{1AB63CC8-81A4-46ED-9513-75C5262EAAD8}.Release|Any CPU.ActiveCfg = Release|Any CPU
		{1AB63CC8-81A4-46ED-9513-75C5262EAAD8}.Release|Any CPU.Build.0 = Release|Any CPU
		{47208EF9-1578-4613-AD50-27FA1B9C5B37}.Debug|Any CPU.ActiveCfg = Debug|Any CPU
		{47208EF9-1578-4613-AD50-27FA1B9C5B37}.Debug|Any CPU.Build.0 = Debug|Any CPU
		{47208EF9-1578-4613-AD50-27FA1B9C5B37}.Release|Any CPU.ActiveCfg = Release|Any CPU
		{47208EF9-1578-4613-AD50-27FA1B9C5B37}.Release|Any CPU.Build.0 = Release|Any CPU
		{6F4EFFEB-E7F7-4AC2-A8E2-E32E787BCF46}.Debug|Any CPU.ActiveCfg = Debug|Any CPU
		{6F4EFFEB-E7F7-4AC2-A8E2-E32E787BCF46}.Debug|Any CPU.Build.0 = Debug|Any CPU
		{6F4EFFEB-E7F7-4AC2-A8E2-E32E787BCF46}.Release|Any CPU.ActiveCfg = Release|Any CPU
		{6F4EFFEB-E7F7-4AC2-A8E2-E32E787BCF46}.Release|Any CPU.Build.0 = Release|Any CPU
		{9EB38943-BC3D-459E-8E82-8453FFDBA38F}.Debug|Any CPU.ActiveCfg = Debug|Any CPU
		{9EB38943-BC3D-459E-8E82-8453FFDBA38F}.Debug|Any CPU.Build.0 = Debug|Any CPU
		{9EB38943-BC3D-459E-8E82-8453FFDBA38F}.Release|Any CPU.ActiveCfg = Release|Any CPU
		{9EB38943-BC3D-459E-8E82-8453FFDBA38F}.Release|Any CPU.Build.0 = Release|Any CPU
		{674228E8-D00F-4B60-9FE7-B54DB6AFB46B}.Debug|Any CPU.ActiveCfg = Debug|Any CPU
		{674228E8-D00F-4B60-9FE7-B54DB6AFB46B}.Debug|Any CPU.Build.0 = Debug|Any CPU
		{674228E8-D00F-4B60-9FE7-B54DB6AFB46B}.Release|Any CPU.ActiveCfg = Release|Any CPU
		{674228E8-D00F-4B60-9FE7-B54DB6AFB46B}.Release|Any CPU.Build.0 = Release|Any CPU
	EndGlobalSection
	GlobalSection(SolutionProperties) = preSolution
		HideSolutionNode = FALSE
	EndGlobalSection
	GlobalSection(NestedProjects) = preSolution
		{74449D7A-E46C-43EF-B985-A1B8FF82F5F4} = {E2D7FBDF-155D-407D-9D16-14BAC78C757E}
		{CC39293B-2A9D-416C-A6E5-B12BB9CB63CE} = {2211A0DF-BF0C-49A0-BC05-5752660B5FEE}
		{A5F395D8-2581-4E61-A9C4-2452CF142308} = {2EFF3E12-D4C6-4634-8CEF-8D13E7638186}
		{24845BE4-B61B-4ADF-BE44-218852142C70} = {1A3416F7-DD80-47E1-8488-B895B687177F}
		{5BAE78A2-EB55-4E95-BF7E-354705C516E5} = {C07B9F8C-C1CA-4706-9A52-C89648E339DB}
		{5278B77A-111A-4B48-8FDE-B8E79DE46556} = {21B68460-B30D-4EB1-8907-59C0D2248DE9}
		{A7FA1DEE-222B-401D-9F73-A9554E7C9898} = {1A3416F7-DD80-47E1-8488-B895B687177F}
		{1AB63CC8-81A4-46ED-9513-75C5262EAAD8} = {1A3416F7-DD80-47E1-8488-B895B687177F}
		{47208EF9-1578-4613-AD50-27FA1B9C5B37} = {1A3416F7-DD80-47E1-8488-B895B687177F}
		{6F4EFFEB-E7F7-4AC2-A8E2-E32E787BCF46} = {E2D7FBDF-155D-407D-9D16-14BAC78C757E}
		{9EB38943-BC3D-459E-8E82-8453FFDBA38F} = {21B68460-B30D-4EB1-8907-59C0D2248DE9}
		{674228E8-D00F-4B60-9FE7-B54DB6AFB46B} = {1A3416F7-DD80-47E1-8488-B895B687177F}
	EndGlobalSection
	GlobalSection(ExtensibilityGlobals) = postSolution
		SolutionGuid = {1A6750D2-1B63-4F4E-AD17-C31EC3DFE9F0}
	EndGlobalSection
EndGlobal
